
Microsoft Visual Studio Solution File, Format Version 12.00
# Visual Studio Version 17
VisualStudioVersion = 17.0.32112.339
MinimumVisualStudioVersion = 10.0.40219.1
Project("{FAE04EC0-301F-11D3-BF4B-00C04F79EFBC}") = "StructClass", "StructClass\StructClass.csproj", "{62716DDB-340D-450A-AE08-00900F926A14}"
EndProject
Global
	GlobalSection(SolutionConfigurationPlatforms) = preSolution
		Debug|Any CPU = Debug|Any CPU
		Release|Any CPU = Release|Any CPU
	EndGlobalSection
	GlobalSection(ProjectConfigurationPlatforms) = postSolution
		{62716DDB-340D-450A-AE08-00900F926A14}.Debug|Any CPU.ActiveCfg = Debug|Any CPU
		{62716DDB-340D-450A-AE08-00900F926A14}.Debug|Any CPU.Build.0 = Debug|Any CPU
		{62716DDB-340D-450A-AE08-00900F926A14}.Release|Any CPU.ActiveCfg = Release|Any CPU
		{62716DDB-340D-450A-AE08-00900F926A14}.Release|Any CPU.Build.0 = Release|Any CPU
	EndGlobalSection
	GlobalSection(SolutionProperties) = preSolution
		HideSolutionNode = FALSE
	EndGlobalSection
	GlobalSection(ExtensibilityGlobals) = postSolution
		SolutionGuid = {4E539351-D308-4A8D-A825-33FBEB08535A}
	EndGlobalSection
EndGlobal
